{
  "version": 1,
  "claims": {
    "dependencies": {
      "value": "0",
      "checked": "2026-09-15T00:59:23Z",
      "source": "run"
    },
    "qa-invariants": {
      "value": "17",
      "checked": "2026-09-15T00:59:23Z",
      "source": "run"
    },
    "qa-probes": {
      "value": "56",
      "checked": "2026-09-15T00:59:24Z",
      "source": "run"
    },
    "source-lines": {
      "value": "4,908",
      "checked": "2026-09-15T00:59:24Z",
      "source": "run"
    },
    "suggest-after": {
      "value": "18",
      "checked": "2026-09-12T03:25:34Z",
      "source": "manual"
    },
    "suggest-before": {
      "value": "166",
      "checked": "2026-09-12T03:25:34Z",
      "source": "manual"
    },
    "test-count": {
      "value": "273",
      "checked": "2026-09-15T00:59:24Z",
      "source": "run"
    },
    "timeout-bug": {
      "value": "1.2s",
      "checked": "2026-09-12T03:25:49Z",
      "source": "manual"
    }
  }
}
