{
  "version": 1,
  "claims": {
    "dependencies": {
      "value": "0",
      "checked": "2026-09-11T23:47:32Z",
      "source": "run"
    },
    "source-lines": {
      "value": "2,170",
      "checked": "2026-09-11T23:47:32Z",
      "source": "run"
    },
    "test-count": {
      "value": "104",
      "checked": "2026-09-11T23:47:32Z",
      "source": "run"
    }
  }
}
